PODS:
  - AutoCoding (2.2)
  - CocoaLumberjack (1.6.5.1):
    - CocoaLumberjack/Core (= 1.6.5.1)
    - CocoaLumberjack/Extensions (= 1.6.5.1)
  - CocoaLumberjack/Core (1.6.5.1)
  - CocoaLumberjack/Extensions (1.6.5.1):
    - CocoaLumberjack/Core
  - Kiwi (2.3.0)
  - libextobjc (0.4):
    - libextobjc/EXTADT (= 0.4)
    - libextobjc/EXTConcreteProtocol (= 0.4)
    - libextobjc/EXTKeyPathCoding (= 0.4)
    - libextobjc/EXTNil (= 0.4)
    - libextobjc/EXTSafeCategory (= 0.4)
    - libextobjc/EXTScope (= 0.4)
    - libextobjc/EXTSelectorChecking (= 0.4)
    - libextobjc/EXTSynthesize (= 0.4)
    - libextobjc/NSInvocation+EXT (= 0.4)
    - libextobjc/NSMethodSignature+EXT (= 0.4)
    - libextobjc/RuntimeExtensions (= 0.4)
    - libextobjc/UmbrellaHeader (= 0.4)
  - libextobjc/EXTADT (0.4):
    - libextobjc/RuntimeExtensions
  - libextobjc/EXTConcreteProtocol (0.4):
    - libextobjc/RuntimeExtensions
  - libextobjc/EXTKeyPathCoding (0.4):
    - libextobjc/RuntimeExtensions
  - libextobjc/EXTNil (0.4):
    - libextobjc/RuntimeExtensions
  - libextobjc/EXTSafeCategory (0.4):
    - libextobjc/RuntimeExtensions
  - libextobjc/EXTScope (0.4):
    - libextobjc/RuntimeExtensions
  - libextobjc/EXTSelectorChecking (0.4):
    - libextobjc/RuntimeExtensions
  - libextobjc/EXTSynthesize (0.4):
    - libextobjc/RuntimeExtensions
  - libextobjc/NSInvocation+EXT (0.4):
    - libextobjc/RuntimeExtensions
  - libextobjc/NSMethodSignature+EXT (0.4):
    - libextobjc/RuntimeExtensions
  - libextobjc/RuntimeExtensions (0.4)
  - libextobjc/UmbrellaHeader (0.4)
  - YapDatabase (2.6.4):
    - YapDatabase/standard (= 2.6.4)
  - YapDatabase/standard (2.6.4):
    - CocoaLumberjack (~> 1)

DEPENDENCIES:
  - AutoCoding (>= 2.2)
  - CocoaLumberjack
  - Kiwi
  - libextobjc
  - YapDatabase (>= 2.6.4)

SPEC CHECKSUMS:
  AutoCoding: 17baf547ff7ace02b7e802d09e67b3b7419a6a05
  CocoaLumberjack: 5e26ebef5a48962d1713ae6cb01da30384f3f14e
  Kiwi: 4c3988bd551f80f6ca0009f302f7c1a2e3777bf2
  libextobjc: f2802d4262f6885570df9799747409ceb1de602c
  YapDatabase: f9051e178a38f48d0f3a78562423a5bc969f1ca3

COCOAPODS: 0.37.2
