PODS:
  - AutoCoding (2.2.1)
  - CocoaLumberjack (1.9.2):
    - CocoaLumberjack/Extensions (= 1.9.2)
  - CocoaLumberjack/Core (1.9.2)
  - CocoaLumberjack/Extensions (1.9.2):
    - CocoaLumberjack/Core
  - Kiwi (2.3.1)
  - libextobjc (0.4.1):
    - libextobjc/EXTADT (= 0.4.1)
    - libextobjc/EXTConcreteProtocol (= 0.4.1)
    - libextobjc/EXTKeyPathCoding (= 0.4.1)
    - libextobjc/EXTNil (= 0.4.1)
    - libextobjc/EXTSafeCategory (= 0.4.1)
    - libextobjc/EXTScope (= 0.4.1)
    - libextobjc/EXTSelectorChecking (= 0.4.1)
    - libextobjc/EXTSynthesize (= 0.4.1)
    - libextobjc/NSInvocation+EXT (= 0.4.1)
    - libextobjc/NSMethodSignature+EXT (= 0.4.1)
    - libextobjc/RuntimeExtensions (= 0.4.1)
    - libextobjc/UmbrellaHeader (= 0.4.1)
  - libextobjc/EXTADT (0.4.1):
    - libextobjc/RuntimeExtensions
  - libextobjc/EXTConcreteProtocol (0.4.1):
    - libextobjc/RuntimeExtensions
  - libextobjc/EXTKeyPathCoding (0.4.1):
    - libextobjc/RuntimeExtensions
  - libextobjc/EXTNil (0.4.1):
    - libextobjc/RuntimeExtensions
  - libextobjc/EXTSafeCategory (0.4.1):
    - libextobjc/RuntimeExtensions
  - libextobjc/EXTScope (0.4.1):
    - libextobjc/RuntimeExtensions
  - libextobjc/EXTSelectorChecking (0.4.1):
    - libextobjc/RuntimeExtensions
  - libextobjc/EXTSynthesize (0.4.1):
    - libextobjc/RuntimeExtensions
  - libextobjc/NSInvocation+EXT (0.4.1):
    - libextobjc/RuntimeExtensions
  - libextobjc/NSMethodSignature+EXT (0.4.1):
    - libextobjc/RuntimeExtensions
  - libextobjc/RuntimeExtensions (0.4.1)
  - libextobjc/UmbrellaHeader (0.4.1)
  - SQLCipher/common (3.1.0)
  - SQLCipher/fts (3.1.0):
    - SQLCipher/common
  - YapDatabase (2.6.5):
    - YapDatabase/standard (= 2.6.5)
  - YapDatabase/SQLCipher (2.6.5):
    - CocoaLumberjack (~> 1)
    - SQLCipher/fts
  - YapDatabase/standard (2.6.5):
    - CocoaLumberjack (~> 1)
  - YapModel@alt (0.8.1):
    - AutoCoding (~> 2.2)
    - libextobjc
    - YapDatabase/SQLCipher (~> 2.6)

DEPENDENCIES:
  - AutoCoding (>= 2.2)
  - CocoaLumberjack
  - Kiwi
  - libextobjc
  - YapDatabase (>= 2.6.4)
  - YapModel@alt (from `./`)

EXTERNAL SOURCES:
  YapModel@alt:
    :path: "./"

SPEC CHECKSUMS:
  AutoCoding: b47e528426c84346371dd532b8e6458929e4da34
  CocoaLumberjack: 628fca2e88ef06f7cf6817309aa405f325d9a6fa
  Kiwi: f038a6c61f7a9e4d7766bff5717aa3b3fdb75f55
  libextobjc: a650fc1bf489a3d3a9bc2e621efa3e1006fc5471
  SQLCipher: c44fcca49c31483c2489cfb79aa7a69407f3794a
  YapDatabase: 814f9ff862a95c1e581d93335a4020482b69155b
  YapModel@alt: 89b79a3a076549f1f17b54c38a9378f59429c18e

COCOAPODS: 0.38.0.beta.2
